// !$*UTF8*$!
{
	archiveVersion = 1;
	classes = {
	};
	objectVersion = 46;
	objects = {

/* Begin PBXBuildFile section */
		34B5016E2073677900469A31 /* test.html in Resources */ = {isa = PBXBuildFile; fileRef = 34B5016D2073677900469A31 /* test.html */; };
		9AAA5BEF1F5D01E90035A312 /* main.m in Sources */ = {isa = PBXBuildFile; fileRef = 9AAA5BEE1F5D01E90035A312 /* main.m */; };
		9AAA5BF21F5D01E90035A312 /* AppDelegate.m in Sources */ = {isa = PBXBuildFile; fileRef = 9AAA5BF11F5D01E90035A312 /* AppDelegate.m */; };
		9AAA5BF51F5D01E90035A312 /* ViewController.m in Sources */ = {isa = PBXBuildFile; fileRef = 9AAA5BF41F5D01E90035A312 /* ViewController.m */; };
		9AAA5BF81F5D01E90035A312 /* Main.storyboard in Resources */ = {isa = PBXBuildFile; fileRef = 9AAA5BF61F5D01E90035A312 /* Main.storyboard */; };
		9AAA5BFA1F5D01E90035A312 /* Assets.xcassets in Resources */ = {isa = PBXBuildFile; fileRef = 9AAA5BF91F5D01E90035A312 /* Assets.xcassets */; };
		9AAA5BFD1F5D01E90035A312 /* LaunchScreen.storyboard in Resources */ = {isa = PBXBuildFile; fileRef = 9AAA5BFB1F5D01E90035A312 /* LaunchScreen.storyboard */; };
		9AAA5C081F5D01E90035A312 /* WKWebViewJsTests.m in Sources */ = {isa = PBXBuildFile; fileRef = 9AAA5C071F5D01E90035A312 /* WKWebViewJsTests.m */; };
		9AAA5C131F5D01E90035A312 /* WKWebViewJsUITests.m in Sources */ = {isa = PBXBuildFile; fileRef = 9AAA5C121F5D01E90035A312 /* WKWebViewJsUITests.m */; };
		9AAA5C251F5D037B0035A312 /* BaseWKWebViewController.m in Sources */ = {isa = PBXBuildFile; fileRef = 9AAA5C221F5D037B0035A312 /* BaseWKWebViewController.m */; };
		9AAA5C261F5D037B0035A312 /* WeakScriptMessageDelegate.m in Sources */ = {isa = PBXBuildFile; fileRef = 9AAA5C241F5D037B0035A312 /* WeakScriptMessageDelegate.m */; };
		9AAA5C2F1F5D03DE0035A312 /* back_black@3x.png in Resources */ = {isa = PBXBuildFile; fileRef = 9AAA5C281F5D03DE0035A312 /* back_black@3x.png */; };
		9AAA5C301F5D03DE0035A312 /* back_white@3x.png in Resources */ = {isa = PBXBuildFile; fileRef = 9AAA5C291F5D03DE0035A312 /* back_white@3x.png */; };
		9AAA5C311F5D03DE0035A312 /* SYNavigationTool.m in Sources */ = {isa = PBXBuildFile; fileRef = 9AAA5C2C1F5D03DE0035A312 /* SYNavigationTool.m */; };
		9AAA5C321F5D03DE0035A312 /* UIViewController+NavigationTool.m in Sources */ = {isa = PBXBuildFile; fileRef = 9AAA5C2E1F5D03DE0035A312 /* UIViewController+NavigationTool.m */; };
/* End PBXBuildFile section */

/* Begin PBXContainerItemProxy section */
		9AAA5C041F5D01E90035A312 /* PBXContainerItemProxy */ = {
			isa = PBXContainerItemProxy;
			containerPortal = 9AAA5BE21F5D01E90035A312 /* Project object */;
			proxyType = 1;
			remoteGlobalIDString = 9AAA5BE91F5D01E90035A312;
			remoteInfo = WKWebViewJs;
		};
		9AAA5C0F1F5D01E90035A312 /* PBXContainerItemProxy */ = {
			isa = PBXContainerItemProxy;
			containerPortal = 9AAA5BE21F5D01E90035A312 /* Project object */;
			proxyType = 1;
			remoteGlobalIDString = 9AAA5BE91F5D01E90035A312;
			remoteInfo = WKWebViewJs;
		};
/* End PBXContainerItemProxy section */

/* Begin PBXFileReference section */
		34B5016D2073677900469A31 /* test.html */ = {isa = PBXFileReference; fileEncoding = 4; lastKnownFileType = text.html; path = test.html; sourceTree = "<group>"; };
		9AAA5BEA1F5D01E90035A312 /* WKWebViewJs.app */ = {isa = PBXFileReference; explicitFileType = wrapper.application; includeInIndex = 0; path = WKWebViewJs.app; sourceTree = BUILT_PRODUCTS_DIR; };
		9AAA5BEE1F5D01E90035A312 /* main.m */ = {isa = PBXFileReference; lastKnownFileType = sourcecode.c.objc; path = main.m; sourceTree = "<group>"; };
		9AAA5BF01F5D01E90035A312 /* AppDelegate.h */ = {isa = PBXFileReference; lastKnownFileType = sourcecode.c.h; path = AppDelegate.h; sourceTree = "<group>"; };
		9AAA5BF11F5D01E90035A312 /* AppDelegate.m */ = {isa = PBXFileReference; lastKnownFileType = sourcecode.c.objc; path = AppDelegate.m; sourceTree = "<group>"; };
		9AAA5BF31F5D01E90035A312 /* ViewController.h */ = {isa = PBXFileReference; lastKnownFileType = sourcecode.c.h; path = ViewController.h; sourceTree = "<group>"; };
		9AAA5BF41F5D01E90035A312 /* ViewController.m */ = {isa = PBXFileReference; lastKnownFileType = sourcecode.c.objc; path = ViewController.m; sourceTree = "<group>"; };
		9AAA5BF71F5D01E90035A312 /* Base */ = {isa = PBXFileReference; lastKnownFileType = file.storyboard; name = Base; path = Base.lproj/Main.storyboard; sourceTree = "<group>"; };
		9AAA5BF91F5D01E90035A312 /* Assets.xcassets */ = {isa = PBXFileReference; lastKnownFileType = folder.assetcatalog; path = Assets.xcassets; sourceTree = "<group>"; };
		9AAA5BFC1F5D01E90035A312 /* Base */ = {isa = PBXFileReference; lastKnownFileType = file.storyboard; name = Base; path = Base.lproj/LaunchScreen.storyboard; sourceTree = "<group>"; };
		9AAA5BFE1F5D01E90035A312 /* Info.plist */ = {isa = PBXFileReference; lastKnownFileType = text.plist.xml; path = Info.plist; sourceTree = "<group>"; };
		9AAA5C031F5D01E90035A312 /* WKWebViewJsTests.xctest */ = {isa = PBXFileReference; explicitFileType = wrapper.cfbundle; includeInIndex = 0; path = WKWebViewJsTests.xctest; sourceTree = BUILT_PRODUCTS_DIR; };
		9AAA5C071F5D01E90035A312 /* WKWebViewJsTests.m */ = {isa = PBXFileReference; lastKnownFileType = sourcecode.c.objc; path = WKWebViewJsTests.m; sourceTree = "<group>"; };
		9AAA5C091F5D01E90035A312 /* Info.plist */ = {isa = PBXFileReference; lastKnownFileType = text.plist.xml; path = Info.plist; sourceTree = "<group>"; };
		9AAA5C0E1F5D01E90035A312 /* WKWebViewJsUITests.xctest */ = {isa = PBXFileReference; explicitFileType = wrapper.cfbundle; includeInIndex = 0; path = WKWebViewJsUITests.xctest; sourceTree = BUILT_PRODUCTS_DIR; };
		9AAA5C121F5D01E90035A312 /* WKWebViewJsUITests.m */ = {isa = PBXFileReference; lastKnownFileType = sourcecode.c.objc; path = WKWebViewJsUITests.m; sourceTree = "<group>"; };
		9AAA5C141F5D01E90035A312 /* Info.plist */ = {isa = PBXFileReference; lastKnownFileType = text.plist.xml; path = Info.plist; sourceTree = "<group>"; };
		9AAA5C211F5D037B0035A312 /* BaseWKWebViewController.h */ = {isa = PBXFileReference; fileEncoding = 4; lastKnownFileType = sourcecode.c.h; path = BaseWKWebViewController.h; sourceTree = "<group>"; };
		9AAA5C221F5D037B0035A312 /* BaseWKWebViewController.m */ = {isa = PBXFileReference; fileEncoding = 4; lastKnownFileType = sourcecode.c.objc; path = BaseWKWebViewController.m; sourceTree = "<group>"; };
		9AAA5C231F5D037B0035A312 /* WeakScriptMessageDelegate.h */ = {isa = PBXFileReference; fileEncoding = 4; lastKnownFileType = sourcecode.c.h; path = WeakScriptMessageDelegate.h; sourceTree = "<group>"; };
		9AAA5C241F5D037B0035A312 /* WeakScriptMessageDelegate.m */ = {isa = PBXFileReference; fileEncoding = 4; lastKnownFileType = sourcecode.c.objc; path = WeakScriptMessageDelegate.m; sourceTree = "<group>"; };
		9AAA5C281F5D03DE0035A312 /* back_black@3x.png */ = {isa = PBXFileReference; lastKnownFileType = image.png; path = "back_black@3x.png"; sourceTree = "<group>"; };
		9AAA5C291F5D03DE0035A312 /* back_white@3x.png */ = {isa = PBXFileReference; lastKnownFileType = image.png; path = "back_white@3x.png"; sourceTree = "<group>"; };
		9AAA5C2A1F5D03DE0035A312 /* SYNavigationHeader.h */ = {isa = PBXFileReference; fileEncoding = 4; lastKnownFileType = sourcecode.c.h; path = SYNavigationHeader.h; sourceTree = "<group>"; };
		9AAA5C2B1F5D03DE0035A312 /* SYNavigationTool.h */ = {isa = PBXFileReference; fileEncoding = 4; lastKnownFileType = sourcecode.c.h; path = SYNavigationTool.h; sourceTree = "<group>"; };
		9AAA5C2C1F5D03DE0035A312 /* SYNavigationTool.m */ = {isa = PBXFileReference; fileEncoding = 4; lastKnownFileType = sourcecode.c.objc; path = SYNavigationTool.m; sourceTree = "<group>"; };
		9AAA5C2D1F5D03DE0035A312 /* UIViewController+NavigationTool.h */ = {isa = PBXFileReference; fileEncoding = 4; lastKnownFileType = sourcecode.c.h; path = "UIViewController+NavigationTool.h"; sourceTree = "<group>"; };
		9AAA5C2E1F5D03DE0035A312 /* UIViewController+NavigationTool.m */ = {isa = PBXFileReference; fileEncoding = 4; lastKnownFileType = sourcecode.c.objc; path = "UIViewController+NavigationTool.m"; sourceTree = "<group>"; };
/* End PBXFileReference section */

/* Begin PBXFrameworksBuildPhase section */
		9AAA5BE71F5D01E90035A312 /* Frameworks */ = {
			isa = PBXFrameworksBuildPhase;
			buildActionMask = 2147483647;
			files = (
			);
			runOnlyForDeploymentPostprocessing = 0;
		};
		9AAA5C001F5D01E90035A312 /* Frameworks */ = {
			isa = PBXFrameworksBuildPhase;
			buildActionMask = 2147483647;
			files = (
			);
			runOnlyForDeploymentPostprocessing = 0;
		};
		9AAA5C0B1F5D01E90035A312 /* Frameworks */ = {
			isa = PBXFrameworksBuildPhase;
			buildActionMask = 2147483647;
			files = (
			);
			runOnlyForDeploymentPostprocessing = 0;
		};
/* End PBXFrameworksBuildPhase section */

/* Begin PBXGroup section */
		9AAA5BE11F5D01E90035A312 = {
			isa = PBXGroup;
			children = (
				9AAA5BEC1F5D01E90035A312 /* WKWebViewJs */,
				9AAA5C061F5D01E90035A312 /* WKWebViewJsTests */,
				9AAA5C111F5D01E90035A312 /* WKWebViewJsUITests */,
				9AAA5BEB1F5D01E90035A312 /* Products */,
			);
			sourceTree = "<group>";
		};
		9AAA5BEB1F5D01E90035A312 /* Products */ = {
			isa = PBXGroup;
			children = (
				9AAA5BEA1F5D01E90035A312 /* WKWebViewJs.app */,
				9AAA5C031F5D01E90035A312 /* WKWebViewJsTests.xctest */,
				9AAA5C0E1F5D01E90035A312 /* WKWebViewJsUITests.xctest */,
			);
			name = Products;
			sourceTree = "<group>";
		};
		9AAA5BEC1F5D01E90035A312 /* WKWebViewJs */ = {
			isa = PBXGroup;
			children = (
				9AAA5C271F5D03DE0035A312 /* SYNaviHelper */,
				9AAA5C201F5D037B0035A312 /* Web */,
				9AAA5BF01F5D01E90035A312 /* AppDelegate.h */,
				9AAA5BF11F5D01E90035A312 /* AppDelegate.m */,
				9AAA5BF31F5D01E90035A312 /* ViewController.h */,
				9AAA5BF41F5D01E90035A312 /* ViewController.m */,
				9AAA5BF61F5D01E90035A312 /* Main.storyboard */,
				34B5016D2073677900469A31 /* test.html */,
				9AAA5BF91F5D01E90035A312 /* Assets.xcassets */,
				9AAA5BFB1F5D01E90035A312 /* LaunchScreen.storyboard */,
				9AAA5BFE1F5D01E90035A312 /* Info.plist */,
				9AAA5BED1F5D01E90035A312 /* Supporting Files */,
			);
			path = WKWebViewJs;
			sourceTree = "<group>";
		};
		9AAA5BED1F5D01E90035A312 /* Supporting Files */ = {
			isa = PBXGroup;
			children = (
				9AAA5BEE1F5D01E90035A312 /* main.m */,
			);
			name = "Supporting Files";
			sourceTree = "<group>";
		};
		9AAA5C061F5D01E90035A312 /* WKWebViewJsTests */ = {
			isa = PBXGroup;
			children = (
				9AAA5C071F5D01E90035A312 /* WKWebViewJsTests.m */,
				9AAA5C091F5D01E90035A312 /* Info.plist */,
			);
			path = WKWebViewJsTests;
			sourceTree = "<group>";
		};
		9AAA5C111F5D01E90035A312 /* WKWebViewJsUITests */ = {
			isa = PBXGroup;
			children = (
				9AAA5C121F5D01E90035A312 /* WKWebViewJsUITests.m */,
				9AAA5C141F5D01E90035A312 /* Info.plist */,
			);
			path = WKWebViewJsUITests;
			sourceTree = "<group>";
		};
		9AAA5C201F5D037B0035A312 /* Web */ = {
			isa = PBXGroup;
			children = (
				9AAA5C211F5D037B0035A312 /* BaseWKWebViewController.h */,
				9AAA5C221F5D037B0035A312 /* BaseWKWebViewController.m */,
				9AAA5C231F5D037B0035A312 /* WeakScriptMessageDelegate.h */,
				9AAA5C241F5D037B0035A312 /* WeakScriptMessageDelegate.m */,
			);
			path = Web;
			sourceTree = "<group>";
		};
		9AAA5C271F5D03DE0035A312 /* SYNaviHelper */ = {
			isa = PBXGroup;
			children = (
				9AAA5C281F5D03DE0035A312 /* back_black@3x.png */,
				9AAA5C291F5D03DE0035A312 /* back_white@3x.png */,
				9AAA5C2A1F5D03DE0035A312 /* SYNavigationHeader.h */,
				9AAA5C2B1F5D03DE0035A312 /* SYNavigationTool.h */,
				9AAA5C2C1F5D03DE0035A312 /* SYNavigationTool.m */,
				9AAA5C2D1F5D03DE0035A312 /* UIViewController+NavigationTool.h */,
				9AAA5C2E1F5D03DE0035A312 /* UIViewController+NavigationTool.m */,
			);
			path = SYNaviHelper;
			sourceTree = "<group>";
		};
/* End PBXGroup section */

/* Begin PBXNativeTarget section */
		9AAA5BE91F5D01E90035A312 /* WKWebViewJs */ = {
			isa = PBXNativeTarget;
			buildConfigurationList = 9AAA5C171F5D01E90035A312 /* Build configuration list for PBXNativeTarget "WKWebViewJs" */;
			buildPhases = (
				9AAA5BE61F5D01E90035A312 /* Sources */,
				9AAA5BE71F5D01E90035A312 /* Frameworks */,
				9AAA5BE81F5D01E90035A312 /* Resources */,
			);
			buildRules = (
			);
			dependencies = (
			);
			name = WKWebViewJs;
			productName = WKWebViewJs;
			productReference = 9AAA5BEA1F5D01E90035A312 /* WKWebViewJs.app */;
			productType = "com.apple.product-type.application";
		};
		9AAA5C021F5D01E90035A312 /* WKWebViewJsTests */ = {
			isa = PBXNativeTarget;
			buildConfigurationList = 9AAA5C1A1F5D01E90035A312 /* Build configuration list for PBXNativeTarget "WKWebViewJsTests" */;
			buildPhases = (
				9AAA5BFF1F5D01E90035A312 /* Sources */,
				9AAA5C001F5D01E90035A312 /* Frameworks */,
				9AAA5C011F5D01E90035A312 /* Resources */,
			);
			buildRules = (
			);
			dependencies = (
				9AAA5C051F5D01E90035A312 /* PBXTargetDependency */,
			);
			name = WKWebViewJsTests;
			productName = WKWebViewJsTests;
			productReference = 9AAA5C031F5D01E90035A312 /* WKWebViewJsTests.xctest */;
			productType = "com.apple.product-type.bundle.unit-test";
		};
		9AAA5C0D1F5D01E90035A312 /* WKWebViewJsUITests */ = {
			isa = PBXNativeTarget;
			buildConfigurationList = 9AAA5C1D1F5D01E90035A312 /* Build configuration list for PBXNativeTarget "WKWebViewJsUITests" */;
			buildPhases = (
				9AAA5C0A1F5D01E90035A312 /* Sources */,
				9AAA5C0B1F5D01E90035A312 /* Frameworks */,
				9AAA5C0C1F5D01E90035A312 /* Resources */,
			);
			buildRules = (
			);
			dependencies = (
				9AAA5C101F5D01E90035A312 /* PBXTargetDependency */,
			);
			name = WKWebViewJsUITests;
			productName = WKWebViewJsUITests;
			productReference = 9AAA5C0E1F5D01E90035A312 /* WKWebViewJsUITests.xctest */;
			productType = "com.apple.product-type.bundle.ui-testing";
		};
/* End PBXNativeTarget section */

/* Begin PBXProject section */
		9AAA5BE21F5D01E90035A312 /* Project object */ = {
			isa = PBXProject;
			attributes = {
				LastUpgradeCheck = 0830;
				ORGANIZATIONNAME = "王声远";
				TargetAttributes = {
					9AAA5BE91F5D01E90035A312 = {
						CreatedOnToolsVersion = 8.3.3;
						DevelopmentTeam = JPYH2GZ99G;
						ProvisioningStyle = Automatic;
					};
					9AAA5C021F5D01E90035A312 = {
						CreatedOnToolsVersion = 8.3.3;
						DevelopmentTeam = JPYH2GZ99G;
						ProvisioningStyle = Automatic;
						TestTargetID = 9AAA5BE91F5D01E90035A312;
					};
					9AAA5C0D1F5D01E90035A312 = {
						CreatedOnToolsVersion = 8.3.3;
						DevelopmentTeam = JPYH2GZ99G;
						ProvisioningStyle = Automatic;
						TestTargetID = 9AAA5BE91F5D01E90035A312;
					};
				};
			};
			buildConfigurationList = 9AAA5BE51F5D01E90035A312 /* Build configuration list for PBXProject "WKWebViewJs" */;
			compatibilityVersion = "Xcode 3.2";
			developmentRegion = English;
			hasScannedForEncodings = 0;
			knownRegions = (
				en,
				Base,
			);
			mainGroup = 9AAA5BE11F5D01E90035A312;
			productRefGroup = 9AAA5BEB1F5D01E90035A312 /* Products */;
			projectDirPath = "";
			projectRoot = "";
			targets = (
				9AAA5BE91F5D01E90035A312 /* WKWebViewJs */,
				9AAA5C021F5D01E90035A312 /* WKWebViewJsTests */,
				9AAA5C0D1F5D01E90035A312 /* WKWebViewJsUITests */,
			);
		};
/* End PBXProject section */

/* Begin PBXResourcesBuildPhase section */
		9AAA5BE81F5D01E90035A312 /* Resources */ = {
			isa = PBXResourcesBuildPhase;
			buildActionMask = 2147483647;
			files = (
				34B5016E2073677900469A31 /* test.html in Resources */,
				9AAA5C2F1F5D03DE0035A312 /* back_black@3x.png in Resources */,
				9AAA5BFD1F5D01E90035A312 /* LaunchScreen.storyboard in Resources */,
				9AAA5BFA1F5D01E90035A312 /* Assets.xcassets in Resources */,
				9AAA5BF81F5D01E90035A312 /* Main.storyboard in Resources */,
				9AAA5C301F5D03DE0035A312 /* back_white@3x.png in Resources */,
			);
			runOnlyForDeploymentPostprocessing = 0;
		};
		9AAA5C011F5D01E90035A312 /* Resources */ = {
			isa = PBXResourcesBuildPhase;
			buildActionMask = 2147483647;
			files = (
			);
			runOnlyForDeploymentPostprocessing = 0;
		};
		9AAA5C0C1F5D01E90035A312 /* Resources */ = {
			isa = PBXResourcesBuildPhase;
			buildActionMask = 2147483647;
			files = (
			);
			runOnlyForDeploymentPostprocessing = 0;
		};
/* End PBXResourcesBuildPhase section */

/* Begin PBXSourcesBuildPhase section */
		9AAA5BE61F5D01E90035A312 /* Sources */ = {
			isa = PBXSourcesBuildPhase;
			buildActionMask = 2147483647;
			files = (
				9AAA5BF51F5D01E90035A312 /* ViewController.m in Sources */,
				9AAA5BF21F5D01E90035A312 /* AppDelegate.m in Sources */,
				9AAA5C251F5D037B0035A312 /* BaseWKWebViewController.m in Sources */,
				9AAA5C321F5D03DE0035A312 /* UIViewController+NavigationTool.m in Sources */,
				9AAA5BEF1F5D01E90035A312 /* main.m in Sources */,
				9AAA5C261F5D037B0035A312 /* WeakScriptMessageDelegate.m in Sources */,
				9AAA5C311F5D03DE0035A312 /* SYNavigationTool.m in Sources */,
			);
			runOnlyForDeploymentPostprocessing = 0;
		};
		9AAA5BFF1F5D01E90035A312 /* Sources */ = {
			isa = PBXSourcesBuildPhase;
			buildActionMask = 2147483647;
			files = (
				9AAA5C081F5D01E90035A312 /* WKWebViewJsTests.m in Sources */,
			);
			runOnlyForDeploymentPostprocessing = 0;
		};
		9AAA5C0A1F5D01E90035A312 /* Sources */ = {
			isa = PBXSourcesBuildPhase;
			buildActionMask = 2147483647;
			files = (
				9AAA5C131F5D01E90035A312 /* WKWebViewJsUITests.m in Sources */,
			);
			runOnlyForDeploymentPostprocessing = 0;
		};
/* End PBXSourcesBuildPhase section */

/* Begin PBXTargetDependency section */
		9AAA5C051F5D01E90035A312 /* PBXTargetDependency */ = {
			isa = PBXTargetDependency;
			target = 9AAA5BE91F5D01E90035A312 /* WKWebViewJs */;
			targetProxy = 9AAA5C041F5D01E90035A312 /* PBXContainerItemProxy */;
		};
		9AAA5C101F5D01E90035A312 /* PBXTargetDependency */ = {
			isa = PBXTargetDependency;
			target = 9AAA5BE91F5D01E90035A312 /* WKWebViewJs */;
			targetProxy = 9AAA5C0F1F5D01E90035A312 /* PBXContainerItemProxy */;
		};
/* End PBXTargetDependency section */

/* Begin PBXVariantGroup section */
		9AAA5BF61F5D01E90035A312 /* Main.storyboard */ = {
			isa = PBXVariantGroup;
			children = (
				9AAA5BF71F5D01E90035A312 /* Base */,
			);
			name = Main.storyboard;
			sourceTree = "<group>";
		};
		9AAA5BFB1F5D01E90035A312 /* LaunchScreen.storyboard */ = {
			isa = PBXVariantGroup;
			children = (
				9AAA5BFC1F5D01E90035A312 /* Base */,
			);
			name = LaunchScreen.storyboard;
			sourceTree = "<group>";
		};
/* End PBXVariantGroup section */

/* Begin XCBuildConfiguration section */
		9AAA5C151F5D01E90035A312 /* Debug */ = {
			isa = XCBuildConfiguration;
			buildSettings = {
				ALWAYS_SEARCH_USER_PATHS = NO;
				CLANG_ANALYZER_NONNULL = YES;
				CLANG_ANALYZER_NUMBER_OBJECT_CONVERSION = YES_AGGRESSIVE;
				CLANG_CXX_LANGUAGE_STANDARD = "gnu++0x";
				CLANG_CXX_LIBRARY = "libc++";
				CLANG_ENABLE_MODULES = YES;
				CLANG_ENABLE_OBJC_ARC = YES;
				CLANG_WARN_BOOL_CONVERSION = YES;
				CLANG_WARN_CONSTANT_CONVERSION = YES;
				CLANG_WARN_DIRECT_OBJC_ISA_USAGE = YES_ERROR;
				CLANG_WARN_DOCUMENTATION_COMMENTS = YES;
				CLANG_WARN_EMPTY_BODY = YES;
				CLANG_WARN_ENUM_CONVERSION = YES;
				CLANG_WARN_INFINITE_RECURSION = YES;
				CLANG_WARN_INT_CONVERSION = YES;
				CLANG_WARN_OBJC_ROOT_CLASS = YES_ERROR;
				CLANG_WARN_SUSPICIOUS_MOVE = YES;
				CLANG_WARN_UNREACHABLE_CODE = YES;
				CLANG_WARN__DUPLICATE_METHOD_MATCH = YES;
				"CODE_SIGN_IDENTITY[sdk=iphoneos*]" = "iPhone Developer";
				COPY_PHASE_STRIP = NO;
				DEBUG_INFORMATION_FORMAT = dwarf;
				ENABLE_STRICT_OBJC_MSGSEND = YES;
				ENABLE_TESTABILITY = YES;
				GCC_C_LANGUAGE_STANDARD = gnu99;
				GCC_DYNAMIC_NO_PIC = NO;
				GCC_NO_COMMON_BLOCKS = YES;
				GCC_OPTIMIZATION_LEVEL = 0;
				GCC_PREPROCESSOR_DEFINITIONS = (
					"DEBUG=1",
					"$(inherited)",
				);
				GCC_WARN_64_TO_32_BIT_CONVERSION = YES;
				GCC_WARN_ABOUT_RETURN_TYPE = YES_ERROR;
				GCC_WARN_UNDECLARED_SELECTOR = YES;
				GCC_WARN_UNINITIALIZED_AUTOS = YES_AGGRESSIVE;
				GCC_WARN_UNUSED_FUNCTION = YES;
				GCC_WARN_UNUSED_VARIABLE = YES;
				IPHONEOS_DEPLOYMENT_TARGET = 10.3;
				MTL_ENABLE_DEBUG_INFO = YES;
				ONLY_ACTIVE_ARCH = YES;
				SDKROOT = iphoneos;
				TARGETED_DEVICE_FAMILY = "1,2";
			};
			name = Debug;
		};
		9AAA5C161F5D01E90035A312 /* Release */ = {
			isa = XCBuildConfiguration;
			buildSettings = {
				ALWAYS_SEARCH_USER_PATHS = NO;
				CLANG_ANALYZER_NONNULL = YES;
				CLANG_ANALYZER_NUMBER_OBJECT_CONVERSION = YES_AGGRESSIVE;
				CLANG_CXX_LANGUAGE_STANDARD = "gnu++0x";
				CLANG_CXX_LIBRARY = "libc++";
				CLANG_ENABLE_MODULES = YES;
				CLANG_ENABLE_OBJC_ARC = YES;
				CLANG_WARN_BOOL_CONVERSION = YES;
				CLANG_WARN_CONSTANT_CONVERSION = YES;
				CLANG_WARN_DIRECT_OBJC_ISA_USAGE = YES_ERROR;
				CLANG_WARN_DOCUMENTATION_COMMENTS = YES;
				CLANG_WARN_EMPTY_BODY = YES;
				CLANG_WARN_ENUM_CONVERSION = YES;
				CLANG_WARN_INFINITE_RECURSION = YES;
				CLANG_WARN_INT_CONVERSION = YES;
				CLANG_WARN_OBJC_ROOT_CLASS = YES_ERROR;
				CLANG_WARN_SUSPICIOUS_MOVE = YES;
				CLANG_WARN_UNREACHABLE_CODE = YES;
				CLANG_WARN__DUPLICATE_METHOD_MATCH = YES;
				"CODE_SIGN_IDENTITY[sdk=iphoneos*]" = "iPhone Developer";
				COPY_PHASE_STRIP = NO;
				DEBUG_INFORMATION_FORMAT = "dwarf-with-dsym";
				ENABLE_NS_ASSERTIONS = NO;
				ENABLE_STRICT_OBJC_MSGSEND = YES;
				GCC_C_LANGUAGE_STANDARD = gnu99;
				GCC_NO_COMMON_BLOCKS = YES;
				GCC_WARN_64_TO_32_BIT_CONVERSION = YES;
				GCC_WARN_ABOUT_RETURN_TYPE = YES_ERROR;
				GCC_WARN_UNDECLARED_SELECTOR = YES;
				GCC_WARN_UNINITIALIZED_AUTOS = YES_AGGRESSIVE;
				GCC_WARN_UNUSED_FUNCTION = YES;
				GCC_WARN_UNUSED_VARIABLE = YES;
				IPHONEOS_DEPLOYMENT_TARGET = 10.3;
				MTL_ENABLE_DEBUG_INFO = NO;
				SDKROOT = iphoneos;
				TARGETED_DEVICE_FAMILY = "1,2";
				VALIDATE_PRODUCT = YES;
			};
			name = Release;
		};
		9AAA5C181F5D01E90035A312 /* Debug */ = {
			isa = XCBuildConfiguration;
			buildSettings = {
				ASSETCATALOG_COMPILER_APPICON_NAME = AppIcon;
				DEVELOPMENT_TEAM = JPYH2GZ99G;
				INFOPLIST_FILE = WKWebViewJs/Info.plist;
				LD_RUNPATH_SEARCH_PATHS = "$(inherited) @executable_path/Frameworks";
				PRODUCT_BUNDLE_IDENTIFIER = tronker.com.cn.WKWebViewJs;
				PRODUCT_NAME = "$(TARGET_NAME)";
			};
			name = Debug;
		};
		9AAA5C191F5D01E90035A312 /* Release */ = {
			isa = XCBuildConfiguration;
			buildSettings = {
				ASSETCATALOG_COMPILER_APPICON_NAME = AppIcon;
				DEVELOPMENT_TEAM = JPYH2GZ99G;
				INFOPLIST_FILE = WKWebViewJs/Info.plist;
				LD_RUNPATH_SEARCH_PATHS = "$(inherited) @executable_path/Frameworks";
				PRODUCT_BUNDLE_IDENTIFIER = tronker.com.cn.WKWebViewJs;
				PRODUCT_NAME = "$(TARGET_NAME)";
			};
			name = Release;
		};
		9AAA5C1B1F5D01E90035A312 /* Debug */ = {
			isa = XCBuildConfiguration;
			buildSettings = {
				BUNDLE_LOADER = "$(TEST_HOST)";
				DEVELOPMENT_TEAM = JPYH2GZ99G;
				INFOPLIST_FILE = WKWebViewJsTests/Info.plist;
				LD_RUNPATH_SEARCH_PATHS = "$(inherited) @executable_path/Frameworks @loader_path/Frameworks";
				PRODUCT_BUNDLE_IDENTIFIER = tronker.com.cn.WKWebViewJsTests;
				PRODUCT_NAME = "$(TARGET_NAME)";
				TEST_HOST = "$(BUILT_PRODUCTS_DIR)/WKWebViewJs.app/WKWebViewJs";
			};
			name = Debug;
		};
		9AAA5C1C1F5D01E90035A312 /* Release */ = {
			isa = XCBuildConfiguration;
			buildSettings = {
				BUNDLE_LOADER = "$(TEST_HOST)";
				DEVELOPMENT_TEAM = JPYH2GZ99G;
				INFOPLIST_FILE = WKWebViewJsTests/Info.plist;
				LD_RUNPATH_SEARCH_PATHS = "$(inherited) @executable_path/Frameworks @loader_path/Frameworks";
				PRODUCT_BUNDLE_IDENTIFIER = tronker.com.cn.WKWebViewJsTests;
				PRODUCT_NAME = "$(TARGET_NAME)";
				TEST_HOST = "$(BUILT_PRODUCTS_DIR)/WKWebViewJs.app/WKWebViewJs";
			};
			name = Release;
		};
		9AAA5C1E1F5D01E90035A312 /* Debug */ = {
			isa = XCBuildConfiguration;
			buildSettings = {
				DEVELOPMENT_TEAM = JPYH2GZ99G;
				INFOPLIST_FILE = WKWebViewJsUITests/Info.plist;
				LD_RUNPATH_SEARCH_PATHS = "$(inherited) @executable_path/Frameworks @loader_path/Frameworks";
				PRODUCT_BUNDLE_IDENTIFIER = tronker.com.cn.WKWebViewJsUITests;
				PRODUCT_NAME = "$(TARGET_NAME)";
				TEST_TARGET_NAME = WKWebViewJs;
			};
			name = Debug;
		};
		9AAA5C1F1F5D01E90035A312 /* Release */ = {
			isa = XCBuildConfiguration;
			buildSettings = {
				DEVELOPMENT_TEAM = JPYH2GZ99G;
				INFOPLIST_FILE = WKWebViewJsUITests/Info.plist;
				LD_RUNPATH_SEARCH_PATHS = "$(inherited) @executable_path/Frameworks @loader_path/Frameworks";
				PRODUCT_BUNDLE_IDENTIFIER = tronker.com.cn.WKWebViewJsUITests;
				PRODUCT_NAME = "$(TARGET_NAME)";
				TEST_TARGET_NAME = WKWebViewJs;
			};
			name = Release;
		};
/* End XCBuildConfiguration section */

/* Begin XCConfigurationList section */
		9AAA5BE51F5D01E90035A312 /* Build configuration list for PBXProject "WKWebViewJs" */ = {
			isa = XCConfigurationList;
			buildConfigurations = (
				9AAA5C151F5D01E90035A312 /* Debug */,
				9AAA5C161F5D01E90035A312 /* Release */,
			);
			defaultConfigurationIsVisible = 0;
			defaultConfigurationName = Release;
		};
		9AAA5C171F5D01E90035A312 /* Build configuration list for PBXNativeTarget "WKWebViewJs" */ = {
			isa = XCConfigurationList;
			buildConfigurations = (
				9AAA5C181F5D01E90035A312 /* Debug */,
				9AAA5C191F5D01E90035A312 /* Release */,
			);
			defaultConfigurationIsVisible = 0;
			defaultConfigurationName = Release;
		};
		9AAA5C1A1F5D01E90035A312 /* Build configuration list for PBXNativeTarget "WKWebViewJsTests" */ = {
			isa = XCConfigurationList;
			buildConfigurations = (
				9AAA5C1B1F5D01E90035A312 /* Debug */,
				9AAA5C1C1F5D01E90035A312 /* Release */,
			);
			defaultConfigurationIsVisible = 0;
			defaultConfigurationName = Release;
		};
		9AAA5C1D1F5D01E90035A312 /* Build configuration list for PBXNativeTarget "WKWebViewJsUITests" */ = {
			isa = XCConfigurationList;
			buildConfigurations = (
				9AAA5C1E1F5D01E90035A312 /* Debug */,
				9AAA5C1F1F5D01E90035A312 /* Release */,
			);
			defaultConfigurationIsVisible = 0;
			defaultConfigurationName = Release;
		};
/* End XCConfigurationList section */
	};
	rootObject = 9AAA5BE21F5D01E90035A312 /* Project object */;
}
